
Microsoft Visual Studio Solution File, Format Version 12.00
# Visual Studio 15
VisualStudioVersion = 15.0.28307.136
MinimumVisualStudioVersion = 10.0.40219.1
Project("{9A19103F-16F7-4668-BE54-9A1E7A4F7556}") = "ITBLOG.WEBUI", "ITBLOG.WEBUI\ITBLOG.WEBUI.csproj", "{6BD80E1F-9AE2-437E-9DF6-607BD9309097}"
EndProject
Project("{9A19103F-16F7-4668-BE54-9A1E7A4F7556}") = "ITBLOG.CORE", "ITBLOG.CORE\ITBLOG.CORE.csproj", "{81E348E5-D2A6-4E08-A39E-67B5D1C2AEF0}"
EndProject
Project("{9A19103F-16F7-4668-BE54-9A1E7A4F7556}") = "ITBLOG.INFRA", "ITBLOG.INFRA\ITBLOG.INFRA.csproj", "{3E9FE363-579B-4E6B-A7DF-9B3DE0BA0487}"
EndProject
Project("{9A19103F-16F7-4668-BE54-9A1E7A4F7556}") = "ITBLOG.SERVICE", "ITBLOG.SERVICE\ITBLOG.SERVICE.csproj", "{DD7E14B0-7A34-46D1-A446-FAEFA1DD8796}"
EndProject
Global
	GlobalSection(SolutionConfigurationPlatforms) = preSolution
		Debug|Any CPU = Debug|Any CPU
		Release|Any CPU = Release|Any CPU
	EndGlobalSection
	GlobalSection(ProjectConfigurationPlatforms) = postSolution
		{6BD80E1F-9AE2-437E-9DF6-607BD9309097}.Debug|Any CPU.ActiveCfg = Debug|Any CPU
		{6BD80E1F-9AE2-437E-9DF6-607BD9309097}.Debug|Any CPU.Build.0 = Debug|Any CPU
		{6BD80E1F-9AE2-437E-9DF6-607BD9309097}.Release|Any CPU.ActiveCfg = Release|Any CPU
		{6BD80E1F-9AE2-437E-9DF6-607BD9309097}.Release|Any CPU.Build.0 = Release|Any CPU
		{81E348E5-D2A6-4E08-A39E-67B5D1C2AEF0}.Debug|Any CPU.ActiveCfg = Debug|Any CPU
		{81E348E5-D2A6-4E08-A39E-67B5D1C2AEF0}.Debug|Any CPU.Build.0 = Debug|Any CPU
		{81E348E5-D2A6-4E08-A39E-67B5D1C2AEF0}.Release|Any CPU.ActiveCfg = Release|Any CPU
		{81E348E5-D2A6-4E08-A39E-67B5D1C2AEF0}.Release|Any CPU.Build.0 = Release|Any CPU
		{3E9FE363-579B-4E6B-A7DF-9B3DE0BA0487}.Debug|Any CPU.ActiveCfg = Debug|Any CPU
		{3E9FE363-579B-4E6B-A7DF-9B3DE0BA0487}.Debug|Any CPU.Build.0 = Debug|Any CPU
		{3E9FE363-579B-4E6B-A7DF-9B3DE0BA0487}.Release|Any CPU.ActiveCfg = Release|Any CPU
		{3E9FE363-579B-4E6B-A7DF-9B3DE0BA0487}.Release|Any CPU.Build.0 = Release|Any CPU
		{DD7E14B0-7A34-46D1-A446-FAEFA1DD8796}.Debug|Any CPU.ActiveCfg = Debug|Any CPU
		{DD7E14B0-7A34-46D1-A446-FAEFA1DD8796}.Debug|Any CPU.Build.0 = Debug|Any CPU
		{DD7E14B0-7A34-46D1-A446-FAEFA1DD8796}.Release|Any CPU.ActiveCfg = Release|Any CPU
		{DD7E14B0-7A34-46D1-A446-FAEFA1DD8796}.Release|Any CPU.Build.0 = Release|Any CPU
	EndGlobalSection
	GlobalSection(SolutionProperties) = preSolution
		HideSolutionNode = FALSE
	EndGlobalSection
	GlobalSection(ExtensibilityGlobals) = postSolution
		SolutionGuid = {D4FDDA7C-C51F-47AB-BDEB-DCEF0DA6A25E}
	EndGlobalSection
EndGlobal
